
Microsoft Visual Studio Solution File, Format Version 12.00
# Visual Studio Version 16
VisualStudioVersion = 16.0.28803.202
MinimumVisualStudioVersion = 10.0.40219.1
Project("{FAE04EC0-301F-11D3-BF4B-00C04F79EFBC}") = "HotelBookingApplication.DATA", "HotelBookingApplication.DATA\HotelBookingApplication.DATA.csproj", "{F6D6ECD7-C282-42F6-9A52-2270C0C18FDD}"
EndProject
Project("{FAE04EC0-301F-11D3-BF4B-00C04F79EFBC}") = "HotelBookinApplication.DAL", "HotelBookinApplication.DAL\HotelBookinApplication.DAL.csproj", "{377C04A2-4B6A-41DA-88A2-5B18B1940C0A}"
EndProject
Project("{FAE04EC0-301F-11D3-BF4B-00C04F79EFBC}") = "HotelBookingApplication.UI", "HotelBookingApplication.UI\HotelBookingApplication.UI.csproj", "{BB6E630B-4CF6-4E9F-9BF2-76B65ADA95AF}"
EndProject
Project("{FAE04EC0-301F-11D3-BF4B-00C04F79EFBC}") = "HotelBookingApplication.BLL", "HotelBookingApplication.BLL\HotelBookingApplication.BLL.csproj", "{A604E16D-4B7A-4AE6-8D67-E2E2FD6EA38A}"
EndProject
Global
	GlobalSection(SolutionConfigurationPlatforms) = preSolution
		Debug|Any CPU = Debug|Any CPU
		Release|Any CPU = Release|Any CPU
	EndGlobalSection
	GlobalSection(ProjectConfigurationPlatforms) = postSolution
		{F6D6ECD7-C282-42F6-9A52-2270C0C18FDD}.Debug|Any CPU.ActiveCfg = Debug|Any CPU
		{F6D6ECD7-C282-42F6-9A52-2270C0C18FDD}.Debug|Any CPU.Build.0 = Debug|Any CPU
		{F6D6ECD7-C282-42F6-9A52-2270C0C18FDD}.Release|Any CPU.ActiveCfg = Release|Any CPU
		{F6D6ECD7-C282-42F6-9A52-2270C0C18FDD}.Release|Any CPU.Build.0 = Release|Any CPU
		{377C04A2-4B6A-41DA-88A2-5B18B1940C0A}.Debug|Any CPU.ActiveCfg = Debug|Any CPU
		{377C04A2-4B6A-41DA-88A2-5B18B1940C0A}.Debug|Any CPU.Build.0 = Debug|Any CPU
		{377C04A2-4B6A-41DA-88A2-5B18B1940C0A}.Release|Any CPU.ActiveCfg = Release|Any CPU
		{377C04A2-4B6A-41DA-88A2-5B18B1940C0A}.Release|Any CPU.Build.0 = Release|Any CPU
		{BB6E630B-4CF6-4E9F-9BF2-76B65ADA95AF}.Debug|Any CPU.ActiveCfg = Debug|Any CPU
		{BB6E630B-4CF6-4E9F-9BF2-76B65ADA95AF}.Debug|Any CPU.Build.0 = Debug|Any CPU
		{BB6E630B-4CF6-4E9F-9BF2-76B65ADA95AF}.Release|Any CPU.ActiveCfg = Release|Any CPU
		{BB6E630B-4CF6-4E9F-9BF2-76B65ADA95AF}.Release|Any CPU.Build.0 = Release|Any CPU
		{A604E16D-4B7A-4AE6-8D67-E2E2FD6EA38A}.Debug|Any CPU.ActiveCfg = Debug|Any CPU
		{A604E16D-4B7A-4AE6-8D67-E2E2FD6EA38A}.Debug|Any CPU.Build.0 = Debug|Any CPU
		{A604E16D-4B7A-4AE6-8D67-E2E2FD6EA38A}.Release|Any CPU.ActiveCfg = Release|Any CPU
		{A604E16D-4B7A-4AE6-8D67-E2E2FD6EA38A}.Release|Any CPU.Build.0 = Release|Any CPU
	EndGlobalSection
	GlobalSection(SolutionProperties) = preSolution
		HideSolutionNode = FALSE
	EndGlobalSection
	GlobalSection(ExtensibilityGlobals) = postSolution
		SolutionGuid = {F70B5BCC-3149-4907-B3B1-6A604EB29471}
	EndGlobalSection
EndGlobal
